// !$*UTF8*$!
{
	archiveVersion = 1;
	classes = {
	};
	objectVersion = 77;
	objects = {

/* Begin PBXBuildFile section */
		18792F402E5EA0DF0057CD9C /* UICollectionView_BaseApp.swift in Sources */ = {isa = PBXBuildFile; fileRef = 18792F3F2E5EA0DF0057CD9C /* UICollectionView_BaseApp.swift */; };
		18792F472E5EA0DF0057CD9C /* ContentView.swift in Sources */ = {isa = PBXBuildFile; fileRef = 18792F462E5EA0DF0057CD9C /* ContentView.swift */; };
/* End PBXBuildFile section */

/* Begin PBXContainerItemProxy section */
		18792F532E5EA0E10057CD9C /* PBXContainerItemProxy */ = {
			isa = PBXContainerItemProxy;
			containerPortal = 18792F342E5EA0DF0057CD9C /* Project object */;
			proxyType = 1;
			remoteGlobalIDString = 18792F3B2E5EA0DF0057CD9C;
			remoteInfo = UICollectionView_Base;
		};
		18792F5D2E5EA0E10057CD9C /* PBXContainerItemProxy */ = {
			isa = PBXContainerItemProxy;
			containerPortal = 18792F342E5EA0DF0057CD9C /* Project object */;
			proxyType = 1;
			remoteGlobalIDString = 18792F3B2E5EA0DF0057CD9C;
			remoteInfo = UICollectionView_Base;
		};
/* End PBXContainerItemProxy section */

/* Begin PBXFileReference section */
		18792F3C2E5EA0DF0057CD9C /* UICollectionView_Base.app */ = {isa = PBXFileReference; explicitFileType = wrapper.application; includeInIndex = 0; path = UICollectionView_Base.app; sourceTree = BUILT_PRODUCTS_DIR; };
		18792F3F2E5EA0DF0057CD9C /* UICollectionView_BaseApp.swift */ = {isa = PBXFileReference; lastKnownFileType = sourcecode.swift; path = UICollectionView_BaseApp.swift; sourceTree = "<group>"; };
		18792F462E5EA0DF0057CD9C /* ContentView.swift */ = {isa = PBXFileReference; lastKnownFileType = sourcecode.swift; path = ContentView.swift; sourceTree = "<group>"; };
		18792F522E5EA0E10057CD9C /* UICollectionView_BaseTests.xctest */ = {isa = PBXFileReference; explicitFileType = wrapper.cfbundle; includeInIndex = 0; path = UICollectionView_BaseTests.xctest; sourceTree = BUILT_PRODUCTS_DIR; };
		18792F5C2E5EA0E10057CD9C /* UICollectionView_BaseUITests.xctest */ = {isa = PBXFileReference; explicitFileType = wrapper.cfbundle; includeInIndex = 0; path = UICollectionView_BaseUITests.xctest; sourceTree = BUILT_PRODUCTS_DIR; };
/* End PBXFileReference section */

/* Begin PBXFileSystemSynchronizedRootGroup section */
		18792F3E2E5EA0DF0057CD9C /* UICollectionView_Base */ = {
			isa = PBXFileSystemSynchronizedRootGroup;
			path = UICollectionView_Base;
			sourceTree = "<group>";
		};
		18792F552E5EA0E10057CD9C /* UICollectionView_BaseTests */ = {
			isa = PBXFileSystemSynchronizedRootGroup;
			path = UICollectionView_BaseTests;
			sourceTree = "<group>";
		};
		18792F5F2E5EA0E10057CD9C /* UICollectionView_BaseUITests */ = {
			isa = PBXFileSystemSynchronizedRootGroup;
			path = UICollectionView_BaseUITests;
			sourceTree = "<group>";
		};
/* End PBXFileSystemSynchronizedRootGroup section */

/* Begin PBXFrameworksBuildPhase section */
		18792F392E5EA0DF0057CD9C /* Frameworks */ = {
			isa = PBXFrameworksBuildPhase;
			buildActionMask = 2147483647;
			files = (
			);
			runOnlyForDeploymentPostprocessing = 0;
		};
		18792F4F2E5EA0E10057CD9C /* Frameworks */ = {
			isa = PBXFrameworksBuildPhase;
			buildActionMask = 2147483647;
			files = (
			);
			runOnlyForDeploymentPostprocessing = 0;
		};
		18792F592E5EA0E10057CD9C /* Frameworks */ = {
			isa = PBXFrameworksBuildPhase;
			buildActionMask = 2147483647;
			files = (
			);
			runOnlyForDeploymentPostprocessing = 0;
		};
/* End PBXFrameworksBuildPhase section */

/* Begin PBXGroup section */
		18792F332E5EA0DF0057CD9C = {
			isa = PBXGroup;
			children = (
				18792F3E2E5EA0DF0057CD9C /* UICollectionView_Base */,
				18792F552E5EA0E10057CD9C /* UICollectionView_BaseTests */,
				18792F5F2E5EA0E10057CD9C /* UICollectionView_BaseUITests */,
				18792F3D2E5EA0DF0057CD9C /* Products */,
				18792F462E5EA0DF0057CD9C /* ContentView.swift */,
				18792F3F2E5EA0DF0057CD9C /* UICollectionView_BaseApp.swift */,
			);
			sourceTree = "<group>";
		};
		18792F3D2E5EA0DF0057CD9C /* Products */ = {
			isa = PBXGroup;
			children = (
				18792F3C2E5EA0DF0057CD9C /* UICollectionView_Base.app */,
				18792F522E5EA0E10057CD9C /* UICollectionView_BaseTests.xctest */,
				18792F5C2E5EA0E10057CD9C /* UICollectionView_BaseUITests.xctest */,
			);
			name = Products;
			sourceTree = "<group>";
		};
/* End PBXGroup section */

/* Begin PBXNativeTarget section */
		18792F3B2E5EA0DF0057CD9C /* UICollectionView_Base */ = {
			isa = PBXNativeTarget;
			buildConfigurationList = 18792F662E5EA0E10057CD9C /* Build configuration list for PBXNativeTarget "UICollectionView_Base" */;
			buildPhases = (
				18792F382E5EA0DF0057CD9C /* Sources */,
				18792F392E5EA0DF0057CD9C /* Frameworks */,
				18792F3A2E5EA0DF0057CD9C /* Resources */,
			);
			buildRules = (
			);
			dependencies = (
			);
			fileSystemSynchronizedGroups = (
				18792F3E2E5EA0DF0057CD9C /* UICollectionView_Base */,
			);
			name = UICollectionView_Base;
			packageProductDependencies = (
			);
			productName = UICollectionView_Base;
			productReference = 18792F3C2E5EA0DF0057CD9C /* UICollectionView_Base.app */;
			productType = "com.apple.product-type.application";
		};
		18792F512E5EA0E10057CD9C /* UICollectionView_BaseTests */ = {
			isa = PBXNativeTarget;
			buildConfigurationList = 18792F692E5EA0E10057CD9C /* Build configuration list for PBXNativeTarget "UICollectionView_BaseTests" */;
			buildPhases = (
				18792F4E2E5EA0E10057CD9C /* Sources */,
				18792F4F2E5EA0E10057CD9C /* Frameworks */,
				18792F502E5EA0E10057CD9C /* Resources */,
			);
			buildRules = (
			);
			dependencies = (
				18792F542E5EA0E10057CD9C /* PBXTargetDependency */,
			);
			fileSystemSynchronizedGroups = (
				18792F552E5EA0E10057CD9C /* UICollectionView_BaseTests */,
			);
			name = UICollectionView_BaseTests;
			packageProductDependencies = (
			);
			productName = UICollectionView_BaseTests;
			productReference = 18792F522E5EA0E10057CD9C /* UICollectionView_BaseTests.xctest */;
			productType = "com.apple.product-type.bundle.unit-test";
		};
		18792F5B2E5EA0E10057CD9C /* UICollectionView_BaseUITests */ = {
			isa = PBXNativeTarget;
			buildConfigurationList = 18792F6C2E5EA0E10057CD9C /* Build configuration list for PBXNativeTarget "UICollectionView_BaseUITests" */;
			buildPhases = (
				18792F582E5EA0E10057CD9C /* Sources */,
				18792F592E5EA0E10057CD9C /* Frameworks */,
				18792F5A2E5EA0E10057CD9C /* Resources */,
			);
			buildRules = (
			);
			dependencies = (
				18792F5E2E5EA0E10057CD9C /* PBXTargetDependency */,
			);
			fileSystemSynchronizedGroups = (
				18792F5F2E5EA0E10057CD9C /* UICollectionView_BaseUITests */,
			);
			name = UICollectionView_BaseUITests;
			packageProductDependencies = (
			);
			productName = UICollectionView_BaseUITests;
			productReference = 18792F5C2E5EA0E10057CD9C /* UICollectionView_BaseUITests.xctest */;
			productType = "com.apple.product-type.bundle.ui-testing";
		};
/* End PBXNativeTarget section */

/* Begin PBXProject section */
		18792F342E5EA0DF0057CD9C /* Project object */ = {
			isa = PBXProject;
			attributes = {
				BuildIndependentTargetsInParallel = 1;
				LastSwiftUpdateCheck = 1620;
				LastUpgradeCheck = 1620;
				TargetAttributes = {
					18792F3B2E5EA0DF0057CD9C = {
						CreatedOnToolsVersion = 16.2;
					};
					18792F512E5EA0E10057CD9C = {
						CreatedOnToolsVersion = 16.2;
						TestTargetID = 18792F3B2E5EA0DF0057CD9C;
					};
					18792F5B2E5EA0E10057CD9C = {
						CreatedOnToolsVersion = 16.2;
						TestTargetID = 18792F3B2E5EA0DF0057CD9C;
					};
				};
			};
			buildConfigurationList = 18792F372E5EA0DF0057CD9C /* Build configuration list for PBXProject "UICollectionView_Base" */;
			developmentRegion = en;
			hasScannedForEncodings = 0;
			knownRegions = (
				en,
				Base,
			);
			mainGroup = 18792F332E5EA0DF0057CD9C;
			minimizedProjectReferenceProxies = 1;
			preferredProjectObjectVersion = 77;
			productRefGroup = 18792F3D2E5EA0DF0057CD9C /* Products */;
			projectDirPath = "";
			projectRoot = "";
			targets = (
				18792F3B2E5EA0DF0057CD9C /* UICollectionView_Base */,
				18792F512E5EA0E10057CD9C /* UICollectionView_BaseTests */,
				18792F5B2E5EA0E10057CD9C /* UICollectionView_BaseUITests */,
			);
		};
/* End PBXProject section */

/* Begin PBXResourcesBuildPhase section */
		18792F3A2E5EA0DF0057CD9C /* Resources */ = {
			isa = PBXResourcesBuildPhase;
			buildActionMask = 2147483647;
			files = (
			);
			runOnlyForDeploymentPostprocessing = 0;
		};
		18792F502E5EA0E10057CD9C /* Resources */ = {
			isa = PBXResourcesBuildPhase;
			buildActionMask = 2147483647;
			files = (
			);
			runOnlyForDeploymentPostprocessing = 0;
		};
		18792F5A2E5EA0E10057CD9C /* Resources */ = {
			isa = PBXResourcesBuildPhase;
			buildActionMask = 2147483647;
			files = (
			);
			runOnlyForDeploymentPostprocessing = 0;
		};
/* End PBXResourcesBuildPhase section */

/* Begin PBXSourcesBuildPhase section */
		18792F382E5EA0DF0057CD9C /* Sources */ = {
			isa = PBXSourcesBuildPhase;
			buildActionMask = 2147483647;
			files = (
				18792F402E5EA0DF0057CD9C /* UICollectionView_BaseApp.swift in Sources */,
				18792F472E5EA0DF0057CD9C /* ContentView.swift in Sources */,
			);
			runOnlyForDeploymentPostprocessing = 0;
		};
		18792F4E2E5EA0E10057CD9C /* Sources */ = {
			isa = PBXSourcesBuildPhase;
			buildActionMask = 2147483647;
			files = (
			);
			runOnlyForDeploymentPostprocessing = 0;
		};
		18792F582E5EA0E10057CD9C /* Sources */ = {
			isa = PBXSourcesBuildPhase;
			buildActionMask = 2147483647;
			files = (
			);
			runOnlyForDeploymentPostprocessing = 0;
		};
/* End PBXSourcesBuildPhase section */

/* Begin PBXTargetDependency section */
		18792F542E5EA0E10057CD9C /* PBXTargetDependency */ = {
			isa = PBXTargetDependency;
			target = 18792F3B2E5EA0DF0057CD9C /* UICollectionView_Base */;
			targetProxy = 18792F532E5EA0E10057CD9C /* PBXContainerItemProxy */;
		};
		18792F5E2E5EA0E10057CD9C /* PBXTargetDependency */ = {
			isa = PBXTargetDependency;
			target = 18792F3B2E5EA0DF0057CD9C /* UICollectionView_Base */;
			targetProxy = 18792F5D2E5EA0E10057CD9C /* PBXContainerItemProxy */;
		};
/* End PBXTargetDependency section */

/* Begin XCBuildConfiguration section */
		18792F642E5EA0E10057CD9C /* Debug */ = {
			isa = XCBuildConfiguration;
			buildSettings = {
				ALWAYS_SEARCH_USER_PATHS = NO;
				ASSETCATALOG_COMPILER_GENERATE_SWIFT_ASSET_SYMBOL_EXTENSIONS = YES;
				CLANG_ANALYZER_NONNULL = YES;
				CLANG_ANALYZER_NUMBER_OBJECT_CONVERSION = YES_AGGRESSIVE;
				CLANG_CXX_LANGUAGE_STANDARD = "gnu++20";
				CLANG_ENABLE_MODULES = YES;
				CLANG_ENABLE_OBJC_ARC = YES;
				CLANG_ENABLE_OBJC_WEAK = YES;
				CLANG_WARN_BLOCK_CAPTURE_AUTORELEASING = YES;
				CLANG_WARN_BOOL_CONVERSION = YES;
				CLANG_WARN_COMMA = YES;
				CLANG_WARN_CONSTANT_CONVERSION = YES;
				CLANG_WARN_DEPRECATED_OBJC_IMPLEMENTATIONS = YES;
				CLANG_WARN_DIRECT_OBJC_ISA_USAGE = YES_ERROR;
				CLANG_WARN_DOCUMENTATION_COMMENTS = YES;
				CLANG_WARN_EMPTY_BODY = YES;
				CLANG_WARN_ENUM_CONVERSION = YES;
				CLANG_WARN_INFINITE_RECURSION = YES;
				CLANG_WARN_INT_CONVERSION = YES;
				CLANG_WARN_NON_LITERAL_NULL_CONVERSION = YES;
				CLANG_WARN_OBJC_IMPLICIT_RETAIN_SELF = YES;
				CLANG_WARN_OBJC_LITERAL_CONVERSION = YES;
				CLANG_WARN_OBJC_ROOT_CLASS = YES_ERROR;
				CLANG_WARN_QUOTED_INCLUDE_IN_FRAMEWORK_HEADER = YES;
				CLANG_WARN_RANGE_LOOP_ANALYSIS = YES;
				CLANG_WARN_STRICT_PROTOTYPES = YES;
				CLANG_WARN_SUSPICIOUS_MOVE = YES;
				CLANG_WARN_UNGUARDED_AVAILABILITY = YES_AGGRESSIVE;
				CLANG_WARN_UNREACHABLE_CODE = YES;
				CLANG_WARN__DUPLICATE_METHOD_MATCH = YES;
				COPY_PHASE_STRIP = NO;
				DEBUG_INFORMATION_FORMAT = dwarf;
				ENABLE_STRICT_OBJC_MSGSEND = YES;
				ENABLE_TESTABILITY = YES;
				ENABLE_USER_SCRIPT_SANDBOXING = YES;
				GCC_C_LANGUAGE_STANDARD = gnu17;
				GCC_DYNAMIC_NO_PIC = NO;
				GCC_NO_COMMON_BLOCKS = YES;
				GCC_OPTIMIZATION_LEVEL = 0;
				GCC_PREPROCESSOR_DEFINITIONS = (
					"DEBUG=1",
					"$(inherited)",
				);
				GCC_WARN_64_TO_32_BIT_CONVERSION = YES;
				GCC_WARN_ABOUT_RETURN_TYPE = YES_ERROR;
				GCC_WARN_UNDECLARED_SELECTOR = YES;
				GCC_WARN_UNINITIALIZED_AUTOS = YES_AGGRESSIVE;
				GCC_WARN_UNUSED_FUNCTION = YES;
				GCC_WARN_UNUSED_VARIABLE = YES;
				LOCALIZATION_PREFERS_STRING_CATALOGS = YES;
				MTL_ENABLE_DEBUG_INFO = INCLUDE_SOURCE;
				MTL_FAST_MATH = YES;
				ONLY_ACTIVE_ARCH = YES;
				SWIFT_ACTIVE_COMPILATION_CONDITIONS = "DEBUG $(inherited)";
				SWIFT_OPTIMIZATION_LEVEL = "-Onone";
			};
			name = Debug;
		};
		18792F652E5EA0E10057CD9C /* Release */ = {
			isa = XCBuildConfiguration;
			buildSettings = {
				ALWAYS_SEARCH_USER_PATHS = NO;
				ASSETCATALOG_COMPILER_GENERATE_SWIFT_ASSET_SYMBOL_EXTENSIONS = YES;
				CLANG_ANALYZER_NONNULL = YES;
				CLANG_ANALYZER_NUMBER_OBJECT_CONVERSION = YES_AGGRESSIVE;
				CLANG_CXX_LANGUAGE_STANDARD = "gnu++20";
				CLANG_ENABLE_MODULES = YES;
				CLANG_ENABLE_OBJC_ARC = YES;
				CLANG_ENABLE_OBJC_WEAK = YES;
				CLANG_WARN_BLOCK_CAPTURE_AUTORELEASING = YES;
				CLANG_WARN_BOOL_CONVERSION = YES;
				CLANG_WARN_COMMA = YES;
				CLANG_WARN_CONSTANT_CONVERSION = YES;
				CLANG_WARN_DEPRECATED_OBJC_IMPLEMENTATIONS = YES;
				CLANG_WARN_DIRECT_OBJC_ISA_USAGE = YES_ERROR;
				CLANG_WARN_DOCUMENTATION_COMMENTS = YES;
				CLANG_WARN_EMPTY_BODY = YES;
				CLANG_WARN_ENUM_CONVERSION = YES;
				CLANG_WARN_INFINITE_RECURSION = YES;
				CLANG_WARN_INT_CONVERSION = YES;
				CLANG_WARN_NON_LITERAL_NULL_CONVERSION = YES;
				CLANG_WARN_OBJC_IMPLICIT_RETAIN_SELF = YES;
				CLANG_WARN_OBJC_LITERAL_CONVERSION = YES;
				CLANG_WARN_OBJC_ROOT_CLASS = YES_ERROR;
				CLANG_WARN_QUOTED_INCLUDE_IN_FRAMEWORK_HEADER = YES;
				CLANG_WARN_RANGE_LOOP_ANALYSIS = YES;
				CLANG_WARN_STRICT_PROTOTYPES = YES;
				CLANG_WARN_SUSPICIOUS_MOVE = YES;
				CLANG_WARN_UNGUARDED_AVAILABILITY = YES_AGGRESSIVE;
				CLANG_WARN_UNREACHABLE_CODE = YES;
				CLANG_WARN__DUPLICATE_METHOD_MATCH = YES;
				COPY_PHASE_STRIP = NO;
				DEBUG_INFORMATION_FORMAT = "dwarf-with-dsym";
				ENABLE_NS_ASSERTIONS = NO;
				ENABLE_STRICT_OBJC_MSGSEND = YES;
				ENABLE_USER_SCRIPT_SANDBOXING = YES;
				GCC_C_LANGUAGE_STANDARD = gnu17;
				GCC_NO_COMMON_BLOCKS = YES;
				GCC_WARN_64_TO_32_BIT_CONVERSION = YES;
				GCC_WARN_ABOUT_RETURN_TYPE = YES_ERROR;
				GCC_WARN_UNDECLARED_SELECTOR = YES;
				GCC_WARN_UNINITIALIZED_AUTOS = YES_AGGRESSIVE;
				GCC_WARN_UNUSED_FUNCTION = YES;
				GCC_WARN_UNUSED_VARIABLE = YES;
				LOCALIZATION_PREFERS_STRING_CATALOGS = YES;
				MTL_ENABLE_DEBUG_INFO = NO;
				MTL_FAST_MATH = YES;
				SWIFT_COMPILATION_MODE = wholemodule;
			};
			name = Release;
		};
		18792F672E5EA0E10057CD9C /* Debug */ = {
			isa = XCBuildConfiguration;
			buildSettings = {
				ASSETCATALOG_COMPILER_APPICON_NAME = AppIcon;
				ASSETCATALOG_COMPILER_GLOBAL_ACCENT_COLOR_NAME = AccentColor;
				CODE_SIGN_ENTITLEMENTS = UICollectionView_Base/UICollectionView_Base.entitlements;
				CODE_SIGN_STYLE = Automatic;
				CURRENT_PROJECT_VERSION = 1;
				DEVELOPMENT_ASSET_PATHS = "\"UICollectionView_Base/Preview Content\"";
				DEVELOPMENT_TEAM = 36Z8VP4JN8;
				ENABLE_HARDENED_RUNTIME = YES;
				ENABLE_PREVIEWS = YES;
				GENERATE_INFOPLIST_FILE = YES;
				"INFOPLIST_KEY_UIApplicationSceneManifest_Generation[sdk=iphoneos*]" = YES;
				"INFOPLIST_KEY_UIApplicationSceneManifest_Generation[sdk=iphonesimulator*]" = YES;
				"INFOPLIST_KEY_UIApplicationSupportsIndirectInputEvents[sdk=iphoneos*]" = YES;
				"INFOPLIST_KEY_UIApplicationSupportsIndirectInputEvents[sdk=iphonesimulator*]" = YES;
				"INFOPLIST_KEY_UILaunchScreen_Generation[sdk=iphoneos*]" = YES;
				"INFOPLIST_KEY_UILaunchScreen_Generation[sdk=iphonesimulator*]" = YES;
				"INFOPLIST_KEY_UIStatusBarStyle[sdk=iphoneos*]" = UIStatusBarStyleDefault;
				"INFOPLIST_KEY_UIStatusBarStyle[sdk=iphonesimulator*]" = UIStatusBarStyleDefault;
				INFOPLIST_KEY_UISupportedInterfaceOrientations_iPad = "UIInterfaceOrientationPortrait UIInterfaceOrientationPortraitUpsideDown UIInterfaceOrientationLandscapeLeft UIInterfaceOrientationLandscapeRight";
				INFOPLIST_KEY_UISupportedInterfaceOrientations_iPhone = "UIInterfaceOrientationPortrait UIInterfaceOrientationLandscapeLeft UIInterfaceOrientationLandscapeRight";
				IPHONEOS_DEPLOYMENT_TARGET = 18.2;
				LD_RUNPATH_SEARCH_PATHS = "@executable_path/Frameworks";
				"LD_RUNPATH_SEARCH_PATHS[sdk=macosx*]" = "@executable_path/../Frameworks";
				MACOSX_DEPLOYMENT_TARGET = 15.0;
				MARKETING_VERSION = 1.0;
				PRODUCT_BUNDLE_IDENTIFIER = "boad-system.UICollectionView-Base";
				PRODUCT_NAME = "$(TARGET_NAME)";
				SDKROOT = auto;
				SUPPORTED_PLATFORMS = "iphoneos iphonesimulator macosx xros xrsimulator";
				SWIFT_EMIT_LOC_STRINGS = YES;
				SWIFT_VERSION = 5.0;
				TARGETED_DEVICE_FAMILY = "1,2,7";
				XROS_DEPLOYMENT_TARGET = 2.2;
			};
			name = Debug;
		};
		18792F682E5EA0E10057CD9C /* Release */ = {
			isa = XCBuildConfiguration;
			buildSettings = {
				ASSETCATALOG_COMPILER_APPICON_NAME = AppIcon;
				ASSETCATALOG_COMPILER_GLOBAL_ACCENT_COLOR_NAME = AccentColor;
				CODE_SIGN_ENTITLEMENTS = UICollectionView_Base/UICollectionView_Base.entitlements;
				CODE_SIGN_STYLE = Automatic;
				CURRENT_PROJECT_VERSION = 1;
				DEVELOPMENT_ASSET_PATHS = "\"UICollectionView_Base/Preview Content\"";
				DEVELOPMENT_TEAM = 36Z8VP4JN8;
				ENABLE_HARDENED_RUNTIME = YES;
				ENABLE_PREVIEWS = YES;
				GENERATE_INFOPLIST_FILE = YES;
				"INFOPLIST_KEY_UIApplicationSceneManifest_Generation[sdk=iphoneos*]" = YES;
				"INFOPLIST_KEY_UIApplicationSceneManifest_Generation[sdk=iphonesimulator*]" = YES;
				"INFOPLIST_KEY_UIApplicationSupportsIndirectInputEvents[sdk=iphoneos*]" = YES;
				"INFOPLIST_KEY_UIApplicationSupportsIndirectInputEvents[sdk=iphonesimulator*]" = YES;
				"INFOPLIST_KEY_UILaunchScreen_Generation[sdk=iphoneos*]" = YES;
				"INFOPLIST_KEY_UILaunchScreen_Generation[sdk=iphonesimulator*]" = YES;
				"INFOPLIST_KEY_UIStatusBarStyle[sdk=iphoneos*]" = UIStatusBarStyleDefault;
				"INFOPLIST_KEY_UIStatusBarStyle[sdk=iphonesimulator*]" = UIStatusBarStyleDefault;
				INFOPLIST_KEY_UISupportedInterfaceOrientations_iPad = "UIInterfaceOrientationPortrait UIInterfaceOrientationPortraitUpsideDown UIInterfaceOrientationLandscapeLeft UIInterfaceOrientationLandscapeRight";
				INFOPLIST_KEY_UISupportedInterfaceOrientations_iPhone = "UIInterfaceOrientationPortrait UIInterfaceOrientationLandscapeLeft UIInterfaceOrientationLandscapeRight";
				IPHONEOS_DEPLOYMENT_TARGET = 18.2;
				LD_RUNPATH_SEARCH_PATHS = "@executable_path/Frameworks";
				"LD_RUNPATH_SEARCH_PATHS[sdk=macosx*]" = "@executable_path/../Frameworks";
				MACOSX_DEPLOYMENT_TARGET = 15.0;
				MARKETING_VERSION = 1.0;
				PRODUCT_BUNDLE_IDENTIFIER = "boad-system.UICollectionView-Base";
				PRODUCT_NAME = "$(TARGET_NAME)";
				SDKROOT = auto;
				SUPPORTED_PLATFORMS = "iphoneos iphonesimulator macosx xros xrsimulator";
				SWIFT_EMIT_LOC_STRINGS = YES;
				SWIFT_VERSION = 5.0;
				TARGETED_DEVICE_FAMILY = "1,2,7";
				XROS_DEPLOYMENT_TARGET = 2.2;
			};
			name = Release;
		};
		18792F6A2E5EA0E10057CD9C /* Debug */ = {
			isa = XCBuildConfiguration;
			buildSettings = {
				BUNDLE_LOADER = "$(TEST_HOST)";
				CODE_SIGN_STYLE = Automatic;
				CURRENT_PROJECT_VERSION = 1;
				DEVELOPMENT_TEAM = 36Z8VP4JN8;
				GENERATE_INFOPLIST_FILE = YES;
				IPHONEOS_DEPLOYMENT_TARGET = 18.2;
				MACOSX_DEPLOYMENT_TARGET = 15.0;
				MARKETING_VERSION = 1.0;
				PRODUCT_BUNDLE_IDENTIFIER = "boad-system.UICollectionView-BaseTests";
				PRODUCT_NAME = "$(TARGET_NAME)";
				SDKROOT = auto;
				SUPPORTED_PLATFORMS = "iphoneos iphonesimulator macosx xros xrsimulator";
				SWIFT_EMIT_LOC_STRINGS = NO;
				SWIFT_VERSION = 5.0;
				TARGETED_DEVICE_FAMILY = "1,2,7";
				TEST_HOST = "$(BUILT_PRODUCTS_DIR)/UICollectionView_Base.app/$(BUNDLE_EXECUTABLE_FOLDER_PATH)/UICollectionView_Base";
				XROS_DEPLOYMENT_TARGET = 2.2;
			};
			name = Debug;
		};
		18792F6B2E5EA0E10057CD9C /* Release */ = {
			isa = XCBuildConfiguration;
			buildSettings = {
				BUNDLE_LOADER = "$(TEST_HOST)";
				CODE_SIGN_STYLE = Automatic;
				CURRENT_PROJECT_VERSION = 1;
				DEVELOPMENT_TEAM = 36Z8VP4JN8;
				GENERATE_INFOPLIST_FILE = YES;
				IPHONEOS_DEPLOYMENT_TARGET = 18.2;
				MACOSX_DEPLOYMENT_TARGET = 15.0;
				MARKETING_VERSION = 1.0;
				PRODUCT_BUNDLE_IDENTIFIER = "boad-system.UICollectionView-BaseTests";
				PRODUCT_NAME = "$(TARGET_NAME)";
				SDKROOT = auto;
				SUPPORTED_PLATFORMS = "iphoneos iphonesimulator macosx xros xrsimulator";
				SWIFT_EMIT_LOC_STRINGS = NO;
				SWIFT_VERSION = 5.0;
				TARGETED_DEVICE_FAMILY = "1,2,7";
				TEST_HOST = "$(BUILT_PRODUCTS_DIR)/UICollectionView_Base.app/$(BUNDLE_EXECUTABLE_FOLDER_PATH)/UICollectionView_Base";
				XROS_DEPLOYMENT_TARGET = 2.2;
			};
			name = Release;
		};
		18792F6D2E5EA0E10057CD9C /* Debug */ = {
			isa = XCBuildConfiguration;
			buildSettings = {
				CODE_SIGN_STYLE = Automatic;
				CURRENT_PROJECT_VERSION = 1;
				DEVELOPMENT_TEAM = 36Z8VP4JN8;
				GENERATE_INFOPLIST_FILE = YES;
				IPHONEOS_DEPLOYMENT_TARGET = 18.2;
				MACOSX_DEPLOYMENT_TARGET = 15.0;
				MARKETING_VERSION = 1.0;
				PRODUCT_BUNDLE_IDENTIFIER = "boad-system.UICollectionView-BaseUITests";
				PRODUCT_NAME = "$(TARGET_NAME)";
				SDKROOT = auto;
				SUPPORTED_PLATFORMS = "iphoneos iphonesimulator macosx xros xrsimulator";
				SWIFT_EMIT_LOC_STRINGS = NO;
				SWIFT_VERSION = 5.0;
				TARGETED_DEVICE_FAMILY = "1,2,7";
				TEST_TARGET_NAME = UICollectionView_Base;
				XROS_DEPLOYMENT_TARGET = 2.2;
			};
			name = Debug;
		};
		18792F6E2E5EA0E10057CD9C /* Release */ = {
			isa = XCBuildConfiguration;
			buildSettings = {
				CODE_SIGN_STYLE = Automatic;
				CURRENT_PROJECT_VERSION = 1;
				DEVELOPMENT_TEAM = 36Z8VP4JN8;
				GENERATE_INFOPLIST_FILE = YES;
				IPHONEOS_DEPLOYMENT_TARGET = 18.2;
				MACOSX_DEPLOYMENT_TARGET = 15.0;
				MARKETING_VERSION = 1.0;
				PRODUCT_BUNDLE_IDENTIFIER = "boad-system.UICollectionView-BaseUITests";
				PRODUCT_NAME = "$(TARGET_NAME)";
				SDKROOT = auto;
				SUPPORTED_PLATFORMS = "iphoneos iphonesimulator macosx xros xrsimulator";
				SWIFT_EMIT_LOC_STRINGS = NO;
				SWIFT_VERSION = 5.0;
				TARGETED_DEVICE_FAMILY = "1,2,7";
				TEST_TARGET_NAME = UICollectionView_Base;
				XROS_DEPLOYMENT_TARGET = 2.2;
			};
			name = Release;
		};
/* End XCBuildConfiguration section */

/* Begin XCConfigurationList section */
		18792F372E5EA0DF0057CD9C /* Build configuration list for PBXProject "UICollectionView_Base" */ = {
			isa = XCConfigurationList;
			buildConfigurations = (
				18792F642E5EA0E10057CD9C /* Debug */,
				18792F652E5EA0E10057CD9C /* Release */,
			);
			defaultConfigurationIsVisible = 0;
			defaultConfigurationName = Release;
		};
		18792F662E5EA0E10057CD9C /* Build configuration list for PBXNativeTarget "UICollectionView_Base" */ = {
			isa = XCConfigurationList;
			buildConfigurations = (
				18792F672E5EA0E10057CD9C /* Debug */,
				18792F682E5EA0E10057CD9C /* Release */,
			);
			defaultConfigurationIsVisible = 0;
			defaultConfigurationName = Release;
		};
		18792F692E5EA0E10057CD9C /* Build configuration list for PBXNativeTarget "UICollectionView_BaseTests" */ = {
			isa = XCConfigurationList;
			buildConfigurations = (
				18792F6A2E5EA0E10057CD9C /* Debug */,
				18792F6B2E5EA0E10057CD9C /* Release */,
			);
			defaultConfigurationIsVisible = 0;
			defaultConfigurationName = Release;
		};
		18792F6C2E5EA0E10057CD9C /* Build configuration list for PBXNativeTarget "UICollectionView_BaseUITests" */ = {
			isa = XCConfigurationList;
			buildConfigurations = (
				18792F6D2E5EA0E10057CD9C /* Debug */,
				18792F6E2E5EA0E10057CD9C /* Release */,
			);
			defaultConfigurationIsVisible = 0;
			defaultConfigurationName = Release;
		};
/* End XCConfigurationList section */
	};
	rootObject = 18792F342E5EA0DF0057CD9C /* Project object */;
}
